
Microsoft Visual Studio Solution File, Format Version 12.00
# Visual Studio Version 17
VisualStudioVersion = 17.0.31808.319
MinimumVisualStudioVersion = 10.0.40219.1
Project("{FAE04EC0-301F-11D3-BF4B-00C04F79EFBC}") = "BookingApp", "BookingApp.csproj", "{8D326A59-5EF3-4520-BBC0-CDD8CDEBC6C5}"
EndProject
Global
	GlobalSection(SolutionConfigurationPlatforms) = preSolution
		Debug|Any CPU = Debug|Any CPU
		Release|Any CPU = Release|Any CPU
	EndGlobalSection
	GlobalSection(ProjectConfigurationPlatforms) = postSolution
		{8D326A59-5EF3-4520-BBC0-CDD8CDEBC6C5}.Debug|Any CPU.ActiveCfg = Debug|Any CPU
		{8D326A59-5EF3-4520-BBC0-CDD8CDEBC6C5}.Debug|Any CPU.Build.0 = Debug|Any CPU
		{8D326A59-5EF3-4520-BBC0-CDD8CDEBC6C5}.Release|Any CPU.ActiveCfg = Release|Any CPU
		{8D326A59-5EF3-4520-BBC0-CDD8CDEBC6C5}.Release|Any CPU.Build.0 = Release|Any CPU
	EndGlobalSection
	GlobalSection(SolutionProperties) = preSolution
		HideSolutionNode = FALSE
	EndGlobalSection
	GlobalSection(ExtensibilityGlobals) = postSolution
		SolutionGuid = {4A43A2F2-AAEF-4A6F-B30F-8DC89BAC5741}
	EndGlobalSection
EndGlobal
